
Microsoft Visual Studio Solution File, Format Version 12.00
# Visual Studio Version 16
VisualStudioVersion = 16.0.30503.244
MinimumVisualStudioVersion = 10.0.40219.1
Project("{FAE04EC0-301F-11D3-BF4B-00C04F79EFBC}") = "Identify Yourself", "Identify Yourself.csproj", "{7B4E4811-4AB8-4937-8610-A9656700568E}"
EndProject
Global
	GlobalSection(SolutionConfigurationPlatforms) = preSolution
		Debug|Any CPU = Debug|Any CPU
		Release|Any CPU = Release|Any CPU
	EndGlobalSection
	GlobalSection(ProjectConfigurationPlatforms) = postSolution
		{7B4E4811-4AB8-4937-8610-A9656700568E}.Debug|Any CPU.ActiveCfg = Debug|Any CPU
		{7B4E4811-4AB8-4937-8610-A9656700568E}.Debug|Any CPU.Build.0 = Debug|Any CPU
		{7B4E4811-4AB8-4937-8610-A9656700568E}.Release|Any CPU.ActiveCfg = Release|Any CPU
		{7B4E4811-4AB8-4937-8610-A9656700568E}.Release|Any CPU.Build.0 = Release|Any CPU
	EndGlobalSection
	GlobalSection(SolutionProperties) = preSolution
		HideSolutionNode = FALSE
	EndGlobalSection
	GlobalSection(ExtensibilityGlobals) = postSolution
		SolutionGuid = {DBCA2EE6-D5E3-49DA-B401-5C2457B36CC6}
	EndGlobalSection
EndGlobal
