
Microsoft Visual Studio Solution File, Format Version 12.00
# Visual Studio Version 16
VisualStudioVersion = 16.0.30503.244
MinimumVisualStudioVersion = 10.0.40219.1
Project("{FAE04EC0-301F-11D3-BF4B-00C04F79EFBC}") = "Chapter 7 lesson 1", "Chapter 7 lesson 1.csproj", "{DD1E3E2A-D82C-4304-8460-933060F334A2}"
EndProject
Global
	GlobalSection(SolutionConfigurationPlatforms) = preSolution
		Debug|Any CPU = Debug|Any CPU
		Release|Any CPU = Release|Any CPU
	EndGlobalSection
	GlobalSection(ProjectConfigurationPlatforms) = postSolution
		{DD1E3E2A-D82C-4304-8460-933060F334A2}.Debug|Any CPU.ActiveCfg = Debug|Any CPU
		{DD1E3E2A-D82C-4304-8460-933060F334A2}.Debug|Any CPU.Build.0 = Debug|Any CPU
		{DD1E3E2A-D82C-4304-8460-933060F334A2}.Release|Any CPU.ActiveCfg = Release|Any CPU
		{DD1E3E2A-D82C-4304-8460-933060F334A2}.Release|Any CPU.Build.0 = Release|Any CPU
	EndGlobalSection
	GlobalSection(SolutionProperties) = preSolution
		HideSolutionNode = FALSE
	EndGlobalSection
	GlobalSection(ExtensibilityGlobals) = postSolution
		SolutionGuid = {7A8EEED0-68D0-455F-A6CA-9A74E0026754}
	EndGlobalSection
EndGlobal
