
Microsoft Visual Studio Solution File, Format Version 12.00
# Visual Studio Version 16
VisualStudioVersion = 16.0.30503.244
MinimumVisualStudioVersion = 10.0.40219.1
Project("{FAE04EC0-301F-11D3-BF4B-00C04F79EFBC}") = "Guess Number", "Guess Number.csproj", "{0CABF5BF-BE6C-4080-8FA3-097B1BD94B3A}"
EndProject
Global
	GlobalSection(SolutionConfigurationPlatforms) = preSolution
		Debug|Any CPU = Debug|Any CPU
		Release|Any CPU = Release|Any CPU
	EndGlobalSection
	GlobalSection(ProjectConfigurationPlatforms) = postSolution
		{0CABF5BF-BE6C-4080-8FA3-097B1BD94B3A}.Debug|Any CPU.ActiveCfg = Debug|Any CPU
		{0CABF5BF-BE6C-4080-8FA3-097B1BD94B3A}.Debug|Any CPU.Build.0 = Debug|Any CPU
		{0CABF5BF-BE6C-4080-8FA3-097B1BD94B3A}.Release|Any CPU.ActiveCfg = Release|Any CPU
		{0CABF5BF-BE6C-4080-8FA3-097B1BD94B3A}.Release|Any CPU.Build.0 = Release|Any CPU
	EndGlobalSection
	GlobalSection(SolutionProperties) = preSolution
		HideSolutionNode = FALSE
	EndGlobalSection
	GlobalSection(ExtensibilityGlobals) = postSolution
		SolutionGuid = {78BE06D3-15F0-4651-9240-833ADBA4AD2F}
	EndGlobalSection
EndGlobal
